{
  "name": "pp-model.js",
  "version": "1.2.5",
  "lockfileVersion": 2,
  "requires": true,
  "packages": {
    "": {
      "name": "pp-model.js",
      "version": "1.2.4",
      "license": "MIT",
      "dependencies": {
        "pp-events": "^1.0.9",
        "pp-is": "^1.0.1",
        "pp-validate": "^1.0.0"
      }
    },
    "node_modules/pp-events": {
      "version": "1.2.1",
      "resolved": "https://registry.npmjs.org/pp-events/-/pp-events-1.2.1.tgz",
      "integrity": "sha512-7tPispwMu4leLzugU8vqNdGMIwopCZ5VqxS0Y1J3aVPhvN2ASGo1FuO6eDOH2OeDEVTeTpCIKZceNGES8nSXXg==",
      "dependencies": {
        "pp-is": "^1.0.0"
      }
    },
    "node_modules/pp-is": {
      "version": "1.0.7",
      "resolved": "https://registry.npmjs.org/pp-is/-/pp-is-1.0.7.tgz",
      "integrity": "sha512-JFzzormJBKrgMwkYO/G59jKvCAoNfSPYrHkjN2ObejXpF9QHe17M1r7A3mVYaCbm/hvX6ubx0/x+jWeLaSK4Qw=="
    },
    "node_modules/pp-validate": {
      "version": "1.0.1",
      "resolved": "https://registry.npmjs.org/pp-validate/-/pp-validate-1.0.1.tgz",
      "integrity": "sha512-Si29s87JRK+4ilJQTZZW4Abvstu4tgja3P31YBnkXWjZrlsZc5qIH8crImod6otAhyUbJ41nqdsF1e4qm4dJTg==",
      "dependencies": {
        "pp-is": "^1.0.4"
      }
    }
  },
  "dependencies": {
    "pp-events": {
      "version": "1.2.1",
      "resolved": "https://registry.npmjs.org/pp-events/-/pp-events-1.2.1.tgz",
      "integrity": "sha512-7tPispwMu4leLzugU8vqNdGMIwopCZ5VqxS0Y1J3aVPhvN2ASGo1FuO6eDOH2OeDEVTeTpCIKZceNGES8nSXXg==",
      "requires": {
        "pp-is": "^1.0.0"
      }
    },
    "pp-is": {
      "version": "1.0.7",
      "resolved": "https://registry.npmjs.org/pp-is/-/pp-is-1.0.7.tgz",
      "integrity": "sha512-JFzzormJBKrgMwkYO/G59jKvCAoNfSPYrHkjN2ObejXpF9QHe17M1r7A3mVYaCbm/hvX6ubx0/x+jWeLaSK4Qw=="
    },
    "pp-validate": {
      "version": "1.0.1",
      "resolved": "https://registry.npmjs.org/pp-validate/-/pp-validate-1.0.1.tgz",
      "integrity": "sha512-Si29s87JRK+4ilJQTZZW4Abvstu4tgja3P31YBnkXWjZrlsZc5qIH8crImod6otAhyUbJ41nqdsF1e4qm4dJTg==",
      "requires": {
        "pp-is": "^1.0.4"
      }
    }
  }
}
