{
  "name": "pp-model.js",
  "version": "1.0.7",
  "lockfileVersion": 2,
  "requires": true,
  "packages": {
    "": {
      "name": "pp-model.js",
      "version": "1.0.7",
      "license": "MIT",
      "dependencies": {
        "pp-events": "^1.0.7"
      },
      "devDependencies": {}
    },
    "node_modules/pp-events": {
      "version": "1.0.7",
      "resolved": "https://registry.npmjs.org/pp-events/-/pp-events-1.0.7.tgz",
      "integrity": "sha512-hLSmSp+HbkUuxJX6PkYchgmvAdU8MDJZ8ya9p3AI+XNL0TlzSk5ehfPBIAfbd5D93kc1NUcKltXNmsMrmQ6e3Q=="
    }
  },
  "dependencies": {
    "pp-events": {
      "version": "1.0.7",
      "resolved": "https://registry.npmjs.org/pp-events/-/pp-events-1.0.7.tgz",
      "integrity": "sha512-hLSmSp+HbkUuxJX6PkYchgmvAdU8MDJZ8ya9p3AI+XNL0TlzSk5ehfPBIAfbd5D93kc1NUcKltXNmsMrmQ6e3Q=="
    }
  }
}
