{
  "name": "pp-model.js",
  "version": "1.0.9",
  "lockfileVersion": 2,
  "requires": true,
  "packages": {
    "": {
      "name": "pp-model.js",
      "version": "1.0.8",
      "license": "MIT",
      "dependencies": {
        "pp-events": "^1.0.8"
      },
      "devDependencies": {}
    },
    "node_modules/pp-events": {
      "version": "1.0.8",
      "resolved": "https://registry.npmjs.org/pp-events/-/pp-events-1.0.8.tgz",
      "integrity": "sha512-QQWymT1pPbNsJMa3RTr82NMhvleJcsheRnWdDbo0F6pCADLPChx18w9St1G/njnTt7LA90TkCD8CTRq1Bmh9DA=="
    }
  },
  "dependencies": {
    "pp-events": {
      "version": "1.0.8",
      "resolved": "https://registry.npmjs.org/pp-events/-/pp-events-1.0.8.tgz",
      "integrity": "sha512-QQWymT1pPbNsJMa3RTr82NMhvleJcsheRnWdDbo0F6pCADLPChx18w9St1G/njnTt7LA90TkCD8CTRq1Bmh9DA=="
    }
  }
}
